
Microsoft Visual Studio Solution File, Format Version 12.00
# Visual Studio Version 16
VisualStudioVersion = 16.0.29201.188
MinimumVisualStudioVersion = 10.0.40219.1
Project("{FAE04EC0-301F-11D3-BF4B-00C04F79EFBC}") = "Calculator", "Calculator.csproj", "{AF38F06D-D31C-4D92-A9F5-DA2F5C4EC87B}"
EndProject
Global
	GlobalSection(SolutionConfigurationPlatforms) = preSolution
		Debug|Any CPU = Debug|Any CPU
		Release|Any CPU = Release|Any CPU
	EndGlobalSection
	GlobalSection(ProjectConfigurationPlatforms) = postSolution
		{AF38F06D-D31C-4D92-A9F5-DA2F5C4EC87B}.Debug|Any CPU.ActiveCfg = Debug|Any CPU
		{AF38F06D-D31C-4D92-A9F5-DA2F5C4EC87B}.Debug|Any CPU.Build.0 = Debug|Any CPU
		{AF38F06D-D31C-4D92-A9F5-DA2F5C4EC87B}.Release|Any CPU.ActiveCfg = Release|Any CPU
		{AF38F06D-D31C-4D92-A9F5-DA2F5C4EC87B}.Release|Any CPU.Build.0 = Release|Any CPU
	EndGlobalSection
	GlobalSection(SolutionProperties) = preSolution
		HideSolutionNode = FALSE
	EndGlobalSection
	GlobalSection(ExtensibilityGlobals) = postSolution
		SolutionGuid = {97A2CF51-0412-4583-AE75-31AA216B922B}
	EndGlobalSection
EndGlobal
